
Microsoft Visual Studio Solution File, Format Version 12.00
# Visual Studio Version 17
VisualStudioVersion = 17.5.002.0
MinimumVisualStudioVersion = 10.0.40219.1
Project("{9A19103F-16F7-4668-BE54-9A1E7A4F7556}") = "ForLoopTryParse", "ForLoopTryParse.csproj", "{CE61F2C5-98B9-43C8-8F49-3DFFAB8C5A46}"
EndProject
Global
	GlobalSection(SolutionConfigurationPlatforms) = preSolution
		Debug|Any CPU = Debug|Any CPU
		Release|Any CPU = Release|Any CPU
	EndGlobalSection
	GlobalSection(ProjectConfigurationPlatforms) = postSolution
		{CE61F2C5-98B9-43C8-8F49-3DFFAB8C5A46}.Debug|Any CPU.ActiveCfg = Debug|Any CPU
		{CE61F2C5-98B9-43C8-8F49-3DFFAB8C5A46}.Debug|Any CPU.Build.0 = Debug|Any CPU
		{CE61F2C5-98B9-43C8-8F49-3DFFAB8C5A46}.Release|Any CPU.ActiveCfg = Release|Any CPU
		{CE61F2C5-98B9-43C8-8F49-3DFFAB8C5A46}.Release|Any CPU.Build.0 = Release|Any CPU
	EndGlobalSection
	GlobalSection(SolutionProperties) = preSolution
		HideSolutionNode = FALSE
	EndGlobalSection
	GlobalSection(ExtensibilityGlobals) = postSolution
		SolutionGuid = {89249B2B-9E78-4EE5-81C6-F93F1D0A047E}
	EndGlobalSection
EndGlobal
