
Microsoft Visual Studio Solution File, Format Version 12.00
# Visual Studio Version 17
VisualStudioVersion = 17.5.002.0
MinimumVisualStudioVersion = 10.0.40219.1
Project("{9A19103F-16F7-4668-BE54-9A1E7A4F7556}") = "HelloWorld", "HelloWorld\HelloWorld.csproj", "{3160F539-33F3-42A2-8B94-4236BE167370}"
EndProject
Project("{2150E333-8FDC-42A3-9474-1A3956D46DE8}") = "Kapitel-1", "Kapitel-1", "{03732FC7-B47B-4DE5-8A95-482F7EFB387C}"
EndProject
Project("{9A19103F-16F7-4668-BE54-9A1E7A4F7556}") = "Lucktext", "Kapitel-1\Lucktext\Lucktext.csproj", "{01C95D6C-2CD8-4234-B37C-739A0109D269}"
EndProject
Project("{9A19103F-16F7-4668-BE54-9A1E7A4F7556}") = "Registrering", "Kapitel-1\Registrering\Registrering.csproj", "{989A64AD-5920-4C87-BA51-89249830BE2F}"
EndProject
Project("{2150E333-8FDC-42A3-9474-1A3956D46DE8}") = "Kapitel-3", "Kapitel-3", "{AA129AFC-7DF8-4553-B3D7-78341E211659}"
EndProject
Project("{9A19103F-16F7-4668-BE54-9A1E7A4F7556}") = "EngChart", "Kapitel-3\EngChart\EngChart.csproj", "{1A62A391-0117-48C6-AD27-4617BE1A052A}"
EndProject
Project("{9A19103F-16F7-4668-BE54-9A1E7A4F7556}") = "interactiveStory", "Kapitel-3\interactiveStory\interactiveStory.csproj", "{889D4C20-C6E4-4E89-BD87-8C987165C5DA}"
EndProject
Global
	GlobalSection(SolutionConfigurationPlatforms) = preSolution
		Debug|Any CPU = Debug|Any CPU
		Release|Any CPU = Release|Any CPU
	EndGlobalSection
	GlobalSection(ProjectConfigurationPlatforms) = postSolution
		{3160F539-33F3-42A2-8B94-4236BE167370}.Debug|Any CPU.ActiveCfg = Debug|Any CPU
		{3160F539-33F3-42A2-8B94-4236BE167370}.Debug|Any CPU.Build.0 = Debug|Any CPU
		{3160F539-33F3-42A2-8B94-4236BE167370}.Release|Any CPU.ActiveCfg = Release|Any CPU
		{3160F539-33F3-42A2-8B94-4236BE167370}.Release|Any CPU.Build.0 = Release|Any CPU
		{01C95D6C-2CD8-4234-B37C-739A0109D269}.Debug|Any CPU.ActiveCfg = Debug|Any CPU
		{01C95D6C-2CD8-4234-B37C-739A0109D269}.Debug|Any CPU.Build.0 = Debug|Any CPU
		{01C95D6C-2CD8-4234-B37C-739A0109D269}.Release|Any CPU.ActiveCfg = Release|Any CPU
		{01C95D6C-2CD8-4234-B37C-739A0109D269}.Release|Any CPU.Build.0 = Release|Any CPU
		{989A64AD-5920-4C87-BA51-89249830BE2F}.Debug|Any CPU.ActiveCfg = Debug|Any CPU
		{989A64AD-5920-4C87-BA51-89249830BE2F}.Debug|Any CPU.Build.0 = Debug|Any CPU
		{989A64AD-5920-4C87-BA51-89249830BE2F}.Release|Any CPU.ActiveCfg = Release|Any CPU
		{989A64AD-5920-4C87-BA51-89249830BE2F}.Release|Any CPU.Build.0 = Release|Any CPU
		{1A62A391-0117-48C6-AD27-4617BE1A052A}.Debug|Any CPU.ActiveCfg = Debug|Any CPU
		{1A62A391-0117-48C6-AD27-4617BE1A052A}.Debug|Any CPU.Build.0 = Debug|Any CPU
		{1A62A391-0117-48C6-AD27-4617BE1A052A}.Release|Any CPU.ActiveCfg = Release|Any CPU
		{1A62A391-0117-48C6-AD27-4617BE1A052A}.Release|Any CPU.Build.0 = Release|Any CPU
		{889D4C20-C6E4-4E89-BD87-8C987165C5DA}.Debug|Any CPU.ActiveCfg = Debug|Any CPU
		{889D4C20-C6E4-4E89-BD87-8C987165C5DA}.Debug|Any CPU.Build.0 = Debug|Any CPU
		{889D4C20-C6E4-4E89-BD87-8C987165C5DA}.Release|Any CPU.ActiveCfg = Release|Any CPU
		{889D4C20-C6E4-4E89-BD87-8C987165C5DA}.Release|Any CPU.Build.0 = Release|Any CPU
	EndGlobalSection
	GlobalSection(SolutionProperties) = preSolution
		HideSolutionNode = FALSE
	EndGlobalSection
	GlobalSection(NestedProjects) = preSolution
		{01C95D6C-2CD8-4234-B37C-739A0109D269} = {03732FC7-B47B-4DE5-8A95-482F7EFB387C}
		{989A64AD-5920-4C87-BA51-89249830BE2F} = {03732FC7-B47B-4DE5-8A95-482F7EFB387C}
		{1A62A391-0117-48C6-AD27-4617BE1A052A} = {AA129AFC-7DF8-4553-B3D7-78341E211659}
		{889D4C20-C6E4-4E89-BD87-8C987165C5DA} = {AA129AFC-7DF8-4553-B3D7-78341E211659}
	EndGlobalSection
	GlobalSection(ExtensibilityGlobals) = postSolution
		SolutionGuid = {F8A2DF7F-D92F-487A-A318-A2F58BDF8BD0}
	EndGlobalSection
EndGlobal
