
Microsoft Visual Studio Solution File, Format Version 12.00
# Visual Studio Version 17
VisualStudioVersion = 17.5.002.0
MinimumVisualStudioVersion = 10.0.40219.1
Project("{9A19103F-16F7-4668-BE54-9A1E7A4F7556}") = "Registrering", "Registrering.csproj", "{F79A2E82-B7AD-4BA2-92E2-87ECBB6CEBDA}"
EndProject
Global
	GlobalSection(SolutionConfigurationPlatforms) = preSolution
		Debug|Any CPU = Debug|Any CPU
		Release|Any CPU = Release|Any CPU
	EndGlobalSection
	GlobalSection(ProjectConfigurationPlatforms) = postSolution
		{F79A2E82-B7AD-4BA2-92E2-87ECBB6CEBDA}.Debug|Any CPU.ActiveCfg = Debug|Any CPU
		{F79A2E82-B7AD-4BA2-92E2-87ECBB6CEBDA}.Debug|Any CPU.Build.0 = Debug|Any CPU
		{F79A2E82-B7AD-4BA2-92E2-87ECBB6CEBDA}.Release|Any CPU.ActiveCfg = Release|Any CPU
		{F79A2E82-B7AD-4BA2-92E2-87ECBB6CEBDA}.Release|Any CPU.Build.0 = Release|Any CPU
	EndGlobalSection
	GlobalSection(SolutionProperties) = preSolution
		HideSolutionNode = FALSE
	EndGlobalSection
	GlobalSection(ExtensibilityGlobals) = postSolution
		SolutionGuid = {68374C09-925A-4EC6-99B3-77D3FF3FE3EF}
	EndGlobalSection
EndGlobal
