
Microsoft Visual Studio Solution File, Format Version 12.00
# Visual Studio Version 17
VisualStudioVersion = 17.5.002.0
MinimumVisualStudioVersion = 10.0.40219.1
Project("{9A19103F-16F7-4668-BE54-9A1E7A4F7556}") = "Åldergränser", "Åldergränser.csproj", "{6F25012B-7142-471D-8DB9-F6754FB9359B}"
EndProject
Global
	GlobalSection(SolutionConfigurationPlatforms) = preSolution
		Debug|Any CPU = Debug|Any CPU
		Release|Any CPU = Release|Any CPU
	EndGlobalSection
	GlobalSection(ProjectConfigurationPlatforms) = postSolution
		{6F25012B-7142-471D-8DB9-F6754FB9359B}.Debug|Any CPU.ActiveCfg = Debug|Any CPU
		{6F25012B-7142-471D-8DB9-F6754FB9359B}.Debug|Any CPU.Build.0 = Debug|Any CPU
		{6F25012B-7142-471D-8DB9-F6754FB9359B}.Release|Any CPU.ActiveCfg = Release|Any CPU
		{6F25012B-7142-471D-8DB9-F6754FB9359B}.Release|Any CPU.Build.0 = Release|Any CPU
	EndGlobalSection
	GlobalSection(SolutionProperties) = preSolution
		HideSolutionNode = FALSE
	EndGlobalSection
	GlobalSection(ExtensibilityGlobals) = postSolution
		SolutionGuid = {463AFF1C-33A1-4101-8DC2-3A1EAA232948}
	EndGlobalSection
EndGlobal
